
Microsoft Visual Studio Solution File, Format Version 12.00
# Visual Studio Version 17
VisualStudioVersion = 17.13.35931.197 d17.13
MinimumVisualStudioVersion = 10.0.40219.1
Project("{54A90642-561A-4BB1-A94E-469ADEE60C69}") = "fullstack.saxs.client", "fullstack.saxs.client\fullstack.saxs.client.esproj", "{68736825-FEB3-B5FE-8AFB-0406D1303062}"
EndProject
Project("{FAE04EC0-301F-11D3-BF4B-00C04F79EFBC}") = "Fullstack.SAXS.Server", "Fullstack.SAXS.Server\Fullstack.SAXS.Server.csproj", "{7CF7F2FD-A37A-40F9-8D47-7B0704ED20EE}"
EndProject
Project("{FAE04EC0-301F-11D3-BF4B-00C04F79EFBC}") = "Fullstack.SAXS.Tests", "Fullstack.SAXS.Tests\Fullstack.SAXS.Tests.csproj", "{2970D016-3A8F-49C2-9B1A-93C0F96AB2EB}"
EndProject
Global
	GlobalSection(SolutionConfigurationPlatforms) = preSolution
		Debug|Any CPU = Debug|Any CPU
		Release|Any CPU = Release|Any CPU
	EndGlobalSection
	GlobalSection(ProjectConfigurationPlatforms) = postSolution
		{68736825-FEB3-B5FE-8AFB-0406D1303062}.Debug|Any CPU.ActiveCfg = Debug|Any CPU
		{68736825-FEB3-B5FE-8AFB-0406D1303062}.Debug|Any CPU.Build.0 = Debug|Any CPU
		{68736825-FEB3-B5FE-8AFB-0406D1303062}.Debug|Any CPU.Deploy.0 = Debug|Any CPU
		{68736825-FEB3-B5FE-8AFB-0406D1303062}.Release|Any CPU.ActiveCfg = Release|Any CPU
		{68736825-FEB3-B5FE-8AFB-0406D1303062}.Release|Any CPU.Build.0 = Release|Any CPU
		{68736825-FEB3-B5FE-8AFB-0406D1303062}.Release|Any CPU.Deploy.0 = Release|Any CPU
		{7CF7F2FD-A37A-40F9-8D47-7B0704ED20EE}.Debug|Any CPU.ActiveCfg = Debug|Any CPU
		{7CF7F2FD-A37A-40F9-8D47-7B0704ED20EE}.Debug|Any CPU.Build.0 = Debug|Any CPU
		{7CF7F2FD-A37A-40F9-8D47-7B0704ED20EE}.Release|Any CPU.ActiveCfg = Release|Any CPU
		{7CF7F2FD-A37A-40F9-8D47-7B0704ED20EE}.Release|Any CPU.Build.0 = Release|Any CPU
		{2970D016-3A8F-49C2-9B1A-93C0F96AB2EB}.Debug|Any CPU.ActiveCfg = Debug|Any CPU
		{2970D016-3A8F-49C2-9B1A-93C0F96AB2EB}.Debug|Any CPU.Build.0 = Debug|Any CPU
		{2970D016-3A8F-49C2-9B1A-93C0F96AB2EB}.Release|Any CPU.ActiveCfg = Release|Any CPU
		{2970D016-3A8F-49C2-9B1A-93C0F96AB2EB}.Release|Any CPU.Build.0 = Release|Any CPU
	EndGlobalSection
	GlobalSection(SolutionProperties) = preSolution
		HideSolutionNode = FALSE
	EndGlobalSection
	GlobalSection(ExtensibilityGlobals) = postSolution
		SolutionGuid = {99651775-BA29-4909-B0C1-E2C85153D0C2}
	EndGlobalSection
EndGlobal
