
Microsoft Visual Studio Solution File, Format Version 12.00
# Visual Studio Version 17
VisualStudioVersion = 17.13.35931.197
MinimumVisualStudioVersion = 10.0.40219.1
Project("{54A90642-561A-4BB1-A94E-469ADEE60C69}") = "fullstack.saxs.client", "fullstack.saxs.client\fullstack.saxs.client.esproj", "{68736825-FEB3-B5FE-8AFB-0406D1303062}"
EndProject
Project("{FAE04EC0-301F-11D3-BF4B-00C04F79EFBC}") = "Fullstack.SAXS.Server", "Fullstack.SAXS.Server\Fullstack.SAXS.Server.csproj", "{7CF7F2FD-A37A-40F9-8D47-7B0704ED20EE}"
EndProject
Project("{FAE04EC0-301F-11D3-BF4B-00C04F79EFBC}") = "Fullstack.SAXS.Domain", "Fullstack.SAXS.Domain\Fullstack.SAXS.Domain.csproj", "{8772CE8A-F6F4-4C38-B37D-4DADD0B76E11}"
EndProject
Project("{FAE04EC0-301F-11D3-BF4B-00C04F79EFBC}") = "Fullstack.SAXS.Infrastructure", "Fullstack.SAXS.Infrastructure\Fullstack.SAXS.Infrastructure.csproj", "{D1BB3853-9EB1-4DB4-8E84-A745A8E604CE}"
EndProject
Project("{FAE04EC0-301F-11D3-BF4B-00C04F79EFBC}") = "Fullstack.SAXS.Application", "Fullstack.SAXS.Application\Fullstack.SAXS.Application.csproj", "{E8017659-B3EA-4461-B3C5-F4E667783688}"
EndProject
Project("{FAE04EC0-301F-11D3-BF4B-00C04F79EFBC}") = "Fullstack.SAXS.Persistence", "Fullstack.SAXS.Persistence\Fullstack.SAXS.Persistence.csproj", "{C8E96C3A-BB59-4B9B-BD84-A74DD8C997D5}"
EndProject
Project("{888888A0-9F3D-457C-B088-3A5042F75D52}") = "Fullstack.SAXS.api", "Fullstack.SAXS.Api\Fullstack.SAXS.api.pyproj", "{7CA84180-B6E1-49D8-873A-CCB6E1363CC2}"
EndProject
Project("{FAE04EC0-301F-11D3-BF4B-00C04F79EFBC}") = "Fullstack.SAXS.Domain.Tests", "Fullstack.SAXS.Domain.Tests\Fullstack.SAXS.Domain.Tests.csproj", "{F9B107C7-AAC9-4230-AA3D-15BE6AB7EBB1}"
EndProject
Project("{FAE04EC0-301F-11D3-BF4B-00C04F79EFBC}") = "Fullstack.SAXS.Application.Tests", "Fullstack.SAXS.Application.Tests\Fullstack.SAXS.Application.Tests.csproj", "{C2367A98-35C4-4CFA-BADA-A981F8A5CC85}"
EndProject
Global
	GlobalSection(SolutionConfigurationPlatforms) = preSolution
		Debug|Any CPU = Debug|Any CPU
		Release|Any CPU = Release|Any CPU
	EndGlobalSection
	GlobalSection(ProjectConfigurationPlatforms) = postSolution
		{68736825-FEB3-B5FE-8AFB-0406D1303062}.Debug|Any CPU.ActiveCfg = Debug|Any CPU
		{68736825-FEB3-B5FE-8AFB-0406D1303062}.Debug|Any CPU.Build.0 = Debug|Any CPU
		{68736825-FEB3-B5FE-8AFB-0406D1303062}.Debug|Any CPU.Deploy.0 = Debug|Any CPU
		{68736825-FEB3-B5FE-8AFB-0406D1303062}.Release|Any CPU.ActiveCfg = Release|Any CPU
		{68736825-FEB3-B5FE-8AFB-0406D1303062}.Release|Any CPU.Build.0 = Release|Any CPU
		{68736825-FEB3-B5FE-8AFB-0406D1303062}.Release|Any CPU.Deploy.0 = Release|Any CPU
		{7CF7F2FD-A37A-40F9-8D47-7B0704ED20EE}.Debug|Any CPU.ActiveCfg = Debug|Any CPU
		{7CF7F2FD-A37A-40F9-8D47-7B0704ED20EE}.Debug|Any CPU.Build.0 = Debug|Any CPU
		{7CF7F2FD-A37A-40F9-8D47-7B0704ED20EE}.Release|Any CPU.ActiveCfg = Release|Any CPU
		{7CF7F2FD-A37A-40F9-8D47-7B0704ED20EE}.Release|Any CPU.Build.0 = Release|Any CPU
		{8772CE8A-F6F4-4C38-B37D-4DADD0B76E11}.Debug|Any CPU.ActiveCfg = Debug|Any CPU
		{8772CE8A-F6F4-4C38-B37D-4DADD0B76E11}.Debug|Any CPU.Build.0 = Debug|Any CPU
		{8772CE8A-F6F4-4C38-B37D-4DADD0B76E11}.Release|Any CPU.ActiveCfg = Release|Any CPU
		{8772CE8A-F6F4-4C38-B37D-4DADD0B76E11}.Release|Any CPU.Build.0 = Release|Any CPU
		{D1BB3853-9EB1-4DB4-8E84-A745A8E604CE}.Debug|Any CPU.ActiveCfg = Debug|Any CPU
		{D1BB3853-9EB1-4DB4-8E84-A745A8E604CE}.Debug|Any CPU.Build.0 = Debug|Any CPU
		{D1BB3853-9EB1-4DB4-8E84-A745A8E604CE}.Release|Any CPU.ActiveCfg = Release|Any CPU
		{D1BB3853-9EB1-4DB4-8E84-A745A8E604CE}.Release|Any CPU.Build.0 = Release|Any CPU
		{E8017659-B3EA-4461-B3C5-F4E667783688}.Debug|Any CPU.ActiveCfg = Debug|Any CPU
		{E8017659-B3EA-4461-B3C5-F4E667783688}.Debug|Any CPU.Build.0 = Debug|Any CPU
		{E8017659-B3EA-4461-B3C5-F4E667783688}.Release|Any CPU.ActiveCfg = Release|Any CPU
		{E8017659-B3EA-4461-B3C5-F4E667783688}.Release|Any CPU.Build.0 = Release|Any CPU
		{C8E96C3A-BB59-4B9B-BD84-A74DD8C997D5}.Debug|Any CPU.ActiveCfg = Debug|Any CPU
		{C8E96C3A-BB59-4B9B-BD84-A74DD8C997D5}.Debug|Any CPU.Build.0 = Debug|Any CPU
		{C8E96C3A-BB59-4B9B-BD84-A74DD8C997D5}.Release|Any CPU.ActiveCfg = Release|Any CPU
		{C8E96C3A-BB59-4B9B-BD84-A74DD8C997D5}.Release|Any CPU.Build.0 = Release|Any CPU
		{7CA84180-B6E1-49D8-873A-CCB6E1363CC2}.Debug|Any CPU.ActiveCfg = Debug|Any CPU
		{7CA84180-B6E1-49D8-873A-CCB6E1363CC2}.Release|Any CPU.ActiveCfg = Release|Any CPU
		{F9B107C7-AAC9-4230-AA3D-15BE6AB7EBB1}.Debug|Any CPU.ActiveCfg = Debug|Any CPU
		{F9B107C7-AAC9-4230-AA3D-15BE6AB7EBB1}.Debug|Any CPU.Build.0 = Debug|Any CPU
		{F9B107C7-AAC9-4230-AA3D-15BE6AB7EBB1}.Release|Any CPU.ActiveCfg = Release|Any CPU
		{F9B107C7-AAC9-4230-AA3D-15BE6AB7EBB1}.Release|Any CPU.Build.0 = Release|Any CPU
		{C2367A98-35C4-4CFA-BADA-A981F8A5CC85}.Debug|Any CPU.ActiveCfg = Debug|Any CPU
		{C2367A98-35C4-4CFA-BADA-A981F8A5CC85}.Debug|Any CPU.Build.0 = Debug|Any CPU
		{C2367A98-35C4-4CFA-BADA-A981F8A5CC85}.Release|Any CPU.ActiveCfg = Release|Any CPU
		{C2367A98-35C4-4CFA-BADA-A981F8A5CC85}.Release|Any CPU.Build.0 = Release|Any CPU
	EndGlobalSection
	GlobalSection(SolutionProperties) = preSolution
		HideSolutionNode = FALSE
	EndGlobalSection
	GlobalSection(ExtensibilityGlobals) = postSolution
		SolutionGuid = {99651775-BA29-4909-B0C1-E2C85153D0C2}
	EndGlobalSection
EndGlobal
